
Microsoft Visual Studio Solution File, Format Version 12.00
# Visual Studio 15
VisualStudioVersion = 15.0.28307.757
MinimumVisualStudioVersion = 10.0.40219.1
Project("{9A19103F-16F7-4668-BE54-9A1E7A4F7556}") = "Daisy", "Daisy\Daisy.csproj", "{1109965E-DF4B-470F-9FBE-7424AB4CD8CC}"
EndProject
Global
	GlobalSection(SolutionConfigurationPlatforms) = preSolution
		Debug|Any CPU = Debug|Any CPU
		Release|Any CPU = Release|Any CPU
	EndGlobalSection
	GlobalSection(ProjectConfigurationPlatforms) = postSolution
		{1109965E-DF4B-470F-9FBE-7424AB4CD8CC}.Debug|Any CPU.ActiveCfg = Release|Any CPU
		{1109965E-DF4B-470F-9FBE-7424AB4CD8CC}.Debug|Any CPU.Build.0 = Release|Any CPU
		{1109965E-DF4B-470F-9FBE-7424AB4CD8CC}.Release|Any CPU.ActiveCfg = Release|Any CPU
		{1109965E-DF4B-470F-9FBE-7424AB4CD8CC}.Release|Any CPU.Build.0 = Release|Any CPU
	EndGlobalSection
	GlobalSection(SolutionProperties) = preSolution
		HideSolutionNode = FALSE
	EndGlobalSection
	GlobalSection(ExtensibilityGlobals) = postSolution
		SolutionGuid = {C586EB56-BC74-41DE-BAF2-E41398BECC34}
	EndGlobalSection
EndGlobal
